<?xml version="1.0" encoding="utf-8"?>
<Project ToolsVersion="4.0" xmlns="http://schemas.microsoft.com/developer/msbuild/2003">
  <ItemGroup>
    <Filter Include="Source Files">
      <UniqueIdentifier>{4FC737F1-C7A5-4376-A066-2A32D752A2FF}</UniqueIdentifier>
      <Extensions>cpp;c;cc;cxx;def;odl;idl;hpj;bat;asm;asmx</Extensions>
    </Filter>
    <Filter Include="Header Files">
      <UniqueIdentifier>{93995380-89BD-4b04-88EB-625FBE52EBFB}</UniqueIdentifier>
      <Extensions>h;hpp;hxx;hm;inl;inc;xsd</Extensions>
    </Filter>
    <Filter Include="Resource Files">
      <UniqueIdentifier>{67DA6AB6-F800-4c08-8B7A-83BB121AAD01}</UniqueIdentifier>
      <Extensions>rc;ico;cur;bmp;dlg;rc2;rct;bin;rgs;gif;jpg;jpeg;jpe;resx;tiff;tif;png;wav;mfcribbon-ms</Extensions>
    </Filter>
  </ItemGroup>
  <ItemGroup>
    <ClCompile Include="..\..\xatrix\g_ai.c">
      <Filter>Source Files</Filter>
    </ClCompile>
    <ClCompile Include="..\..\xatrix\g_chase.c">
      <Filter>Source Files</Filter>
    </ClCompile>
    <ClCompile Include="..\..\xatrix\g_cmds.c">
      <Filter>Source Files</Filter>
    </ClCompile>
    <ClCompile Include="..\..\xatrix\g_combat.c">
      <Filter>Source Files</Filter>
    </ClCompile>
    <ClCompile Include="..\..\xatrix\g_func.c">
      <Filter>Source Files</Filter>
    </ClCompile>
    <ClCompile Include="..\..\xatrix\g_items.c">
      <Filter>Source Files</Filter>
    </ClCompile>
    <ClCompile Include="..\..\xatrix\g_main.c">
      <Filter>Source Files</Filter>
    </ClCompile>
    <ClCompile Include="..\..\xatrix\g_misc.c">
      <Filter>Source Files</Filter>
    </ClCompile>
    <ClCompile Include="..\..\xatrix\g_monster.c">
      <Filter>Source Files</Filter>
    </ClCompile>
    <ClCompile Include="..\..\xatrix\g_phys.c">
      <Filter>Source Files</Filter>
    </ClCompile>
    <ClCompile Include="..\..\xatrix\g_save.c">
      <Filter>Source Files</Filter>
    </ClCompile>
    <ClCompile Include="..\..\xatrix\g_spawn.c">
      <Filter>Source Files</Filter>
    </ClCompile>
    <ClCompile Include="..\..\xatrix\g_svcmds.c">
      <Filter>Source Files</Filter>
    </ClCompile>
    <ClCompile Include="..\..\xatrix\g_target.c">
      <Filter>Source Files</Filter>
    </ClCompile>
    <ClCompile Include="..\..\xatrix\g_trigger.c">
      <Filter>Source Files</Filter>
    </ClCompile>
    <ClCompile Include="..\..\xatrix\g_turret.c">
      <Filter>Source Files</Filter>
    </ClCompile>
    <ClCompile Include="..\..\xatrix\g_utils.c">
      <Filter>Source Files</Filter>
    </ClCompile>
    <ClCompile Include="..\..\xatrix\g_weapon.c">
      <Filter>Source Files</Filter>
    </ClCompile>
    <ClCompile Include="..\..\xatrix\m_actor.c">
      <Filter>Source Files</Filter>
    </ClCompile>
    <ClCompile Include="..\..\xatrix\m_berserk.c">
      <Filter>Source Files</Filter>
    </ClCompile>
    <ClCompile Include="..\..\xatrix\m_boss2.c">
      <Filter>Source Files</Filter>
    </ClCompile>
    <ClCompile Include="..\..\xatrix\m_boss3.c">
      <Filter>Source Files</Filter>
    </ClCompile>
    <ClCompile Include="..\..\xatrix\m_boss5.c">
      <Filter>Source Files</Filter>
    </ClCompile>
    <ClCompile Include="..\..\xatrix\m_boss31.c">
      <Filter>Source Files</Filter>
    </ClCompile>
    <ClCompile Include="..\..\xatrix\m_boss32.c">
      <Filter>Source Files</Filter>
    </ClCompile>
    <ClCompile Include="..\..\xatrix\m_brain.c">
      <Filter>Source Files</Filter>
    </ClCompile>
    <ClCompile Include="..\..\xatrix\m_chick.c">
      <Filter>Source Files</Filter>
    </ClCompile>
    <ClCompile Include="..\..\xatrix\m_fixbot.c">
      <Filter>Source Files</Filter>
    </ClCompile>
    <ClCompile Include="..\..\xatrix\m_flash.c">
      <Filter>Source Files</Filter>
    </ClCompile>
    <ClCompile Include="..\..\xatrix\m_flipper.c">
      <Filter>Source Files</Filter>
    </ClCompile>
    <ClCompile Include="..\..\xatrix\m_float.c">
      <Filter>Source Files</Filter>
    </ClCompile>
    <ClCompile Include="..\..\xatrix\m_flyer.c">
      <Filter>Source Files</Filter>
    </ClCompile>
    <ClCompile Include="..\..\xatrix\m_gekk.c">
      <Filter>Source Files</Filter>
    </ClCompile>
    <ClCompile Include="..\..\xatrix\m_gladb.c">
      <Filter>Source Files</Filter>
    </ClCompile>
    <ClCompile Include="..\..\xatrix\m_gladiator.c">
      <Filter>Source Files</Filter>
    </ClCompile>
    <ClCompile Include="..\..\xatrix\m_gunner.c">
      <Filter>Source Files</Filter>
    </ClCompile>
    <ClCompile Include="..\..\xatrix\m_hover.c">
      <Filter>Source Files</Filter>
    </ClCompile>
    <ClCompile Include="..\..\xatrix\m_infantry.c">
      <Filter>Source Files</Filter>
    </ClCompile>
    <ClCompile Include="..\..\xatrix\m_insane.c">
      <Filter>Source Files</Filter>
    </ClCompile>
    <ClCompile Include="..\..\xatrix\m_medic.c">
      <Filter>Source Files</Filter>
    </ClCompile>
    <ClCompile Include="..\..\xatrix\m_move.c">
      <Filter>Source Files</Filter>
    </ClCompile>
    <ClCompile Include="..\..\xatrix\m_mutant.c">
      <Filter>Source Files</Filter>
    </ClCompile>
    <ClCompile Include="..\..\xatrix\m_parasite.c">
      <Filter>Source Files</Filter>
    </ClCompile>
    <ClCompile Include="..\..\xatrix\m_soldier.c">
      <Filter>Source Files</Filter>
    </ClCompile>
    <ClCompile Include="..\..\xatrix\m_supertank.c">
      <Filter>Source Files</Filter>
    </ClCompile>
    <ClCompile Include="..\..\xatrix\m_tank.c">
      <Filter>Source Files</Filter>
    </ClCompile>
    <ClCompile Include="..\..\xatrix\p_client.c">
      <Filter>Source Files</Filter>
    </ClCompile>
    <ClCompile Include="..\..\xatrix\p_hud.c">
      <Filter>Source Files</Filter>
    </ClCompile>
    <ClCompile Include="..\..\xatrix\p_trail.c">
      <Filter>Source Files</Filter>
    </ClCompile>
    <ClCompile Include="..\..\xatrix\p_view.c">
      <Filter>Source Files</Filter>
    </ClCompile>
    <ClCompile Include="..\..\xatrix\p_weapon.c">
      <Filter>Source Files</Filter>
    </ClCompile>
    <ClCompile Include="..\..\xatrix\q_shared.c">
      <Filter>Source Files</Filter>
    </ClCompile>
  </ItemGroup>
  <ItemGroup>
    <ClInclude Include="..\..\xatrix\g_local.h">
      <Filter>Header Files</Filter>
    </ClInclude>
    <ClInclude Include="..\..\xatrix\game.h">
      <Filter>Header Files</Filter>
    </ClInclude>
    <ClInclude Include="..\..\xatrix\m_actor.h">
      <Filter>Header Files</Filter>
    </ClInclude>
    <ClInclude Include="..\..\xatrix\m_berserk.h">
      <Filter>Header Files</Filter>
    </ClInclude>
    <ClInclude Include="..\..\xatrix\m_boss2.h">
      <Filter>Header Files</Filter>
    </ClInclude>
    <ClInclude Include="..\..\xatrix\m_boss31.h">
      <Filter>Header Files</Filter>
    </ClInclude>
    <ClInclude Include="..\..\xatrix\m_boss32.h">
      <Filter>Header Files</Filter>
    </ClInclude>
    <ClInclude Include="..\..\xatrix\m_brain.h">
      <Filter>Header Files</Filter>
    </ClInclude>
    <ClInclude Include="..\..\xatrix\m_chick.h">
      <Filter>Header Files</Filter>
    </ClInclude>
    <ClInclude Include="..\..\xatrix\m_fixbot.h">
      <Filter>Header Files</Filter>
    </ClInclude>
    <ClInclude Include="..\..\xatrix\m_flipper.h">
      <Filter>Header Files</Filter>
    </ClInclude>
    <ClInclude Include="..\..\xatrix\m_float.h">
      <Filter>Header Files</Filter>
    </ClInclude>
    <ClInclude Include="..\..\xatrix\m_flyer.h">
      <Filter>Header Files</Filter>
    </ClInclude>
    <ClInclude Include="..\..\xatrix\m_gekk.h">
      <Filter>Header Files</Filter>
    </ClInclude>
    <ClInclude Include="..\..\xatrix\m_gladiator.h">
      <Filter>Header Files</Filter>
    </ClInclude>
    <ClInclude Include="..\..\xatrix\m_gunner.h">
      <Filter>Header Files</Filter>
    </ClInclude>
    <ClInclude Include="..\..\xatrix\m_hover.h">
      <Filter>Header Files</Filter>
    </ClInclude>
    <ClInclude Include="..\..\xatrix\m_infantry.h">
      <Filter>Header Files</Filter>
    </ClInclude>
    <ClInclude Include="..\..\xatrix\m_insane.h">
      <Filter>Header Files</Filter>
    </ClInclude>
    <ClInclude Include="..\..\xatrix\m_medic.h">
      <Filter>Header Files</Filter>
    </ClInclude>
    <ClInclude Include="..\..\xatrix\m_mutant.h">
      <Filter>Header Files</Filter>
    </ClInclude>
    <ClInclude Include="..\..\xatrix\m_parasite.h">
      <Filter>Header Files</Filter>
    </ClInclude>
    <ClInclude Include="..\..\xatrix\m_player.h">
      <Filter>Header Files</Filter>
    </ClInclude>
    <ClInclude Include="..\..\xatrix\m_rider.h">
      <Filter>Header Files</Filter>
    </ClInclude>
    <ClInclude Include="..\..\xatrix\m_soldier.h">
      <Filter>Header Files</Filter>
    </ClInclude>
    <ClInclude Include="..\..\xatrix\m_soldierh.h">
      <Filter>Header Files</Filter>
    </ClInclude>
    <ClInclude Include="..\..\xatrix\m_supertank.h">
      <Filter>Header Files</Filter>
    </ClInclude>
    <ClInclude Include="..\..\xatrix\m_tank.h">
      <Filter>Header Files</Filter>
    </ClInclude>
    <ClInclude Include="..\..\xatrix\q_shared.h">
      <Filter>Header Files</Filter>
    </ClInclude>
  </ItemGroup>
  <ItemGroup>
    <None Include="..\..\xatrix\xatrix.def">
      <Filter>Source Files</Filter>
    </None>
  </ItemGroup>
</Project>